{
  "name": "bitsy-to-bipsi",
  "lockfileVersion": 2,
  "requires": true,
  "packages": {
    "": {
      "name": "bitsy-to-bipsi",
      "dependencies": {
        "@napi-rs/canvas": "^0.1.52",
        "file-saver": "^2.0.5"
      },
      "devDependencies": {
        "@types/bun": "latest"
      },
      "peerDependencies": {
        "typescript": "^5.0.0"
      }
    },
    "node_modules/@napi-rs/canvas": {
      "version": "0.1.52",
      "resolved": "https://registry.npmjs.org/@napi-rs/canvas/-/canvas-0.1.52.tgz",
      "integrity": "sha512-xeW9EghZLDPZuqWJ4l1+eG3ld0i9J7SpV2zlgi34MPt/FE9K2XWGCfnLr0gHGOBkcI3YOVhI13I0HqRAkMPdVw==",
      "engines": {
        "node": ">= 10"
      },
      "optionalDependencies": {
        "@napi-rs/canvas-android-arm64": "0.1.52",
        "@napi-rs/canvas-darwin-arm64": "0.1.52",
        "@napi-rs/canvas-darwin-x64": "0.1.52",
        "@napi-rs/canvas-linux-arm-gnueabihf": "0.1.52",
        "@napi-rs/canvas-linux-arm64-gnu": "0.1.52",
        "@napi-rs/canvas-linux-arm64-musl": "0.1.52",
        "@napi-rs/canvas-linux-x64-gnu": "0.1.52",
        "@napi-rs/canvas-linux-x64-musl": "0.1.52",
        "@napi-rs/canvas-win32-x64-msvc": "0.1.52"
      }
    },
    "node_modules/@napi-rs/canvas-android-arm64": {
      "version": "0.1.52",
      "resolved": "https://registry.npmjs.org/@napi-rs/canvas-android-arm64/-/canvas-android-arm64-0.1.52.tgz",
      "integrity": "sha512-x/K471KbASPVh5mfBUxokza66J0FNIlOgMNANWAf5C8HiATb487KecEhSkUQvvTS3WLYC9uSqIPHFgwF+tir3w==",
      "cpu": [
        "arm64"
      ],
      "optional": true,
      "os": [
        "android"
      ],
      "engines": {
        "node": ">= 10"
      }
    },
    "node_modules/@napi-rs/canvas-darwin-arm64": {
      "version": "0.1.52",
      "resolved": "https://registry.npmjs.org/@napi-rs/canvas-darwin-arm64/-/canvas-darwin-arm64-0.1.52.tgz",
      "integrity": "sha512-4OgVRD7TW02q5Q7lWLLjT+pYJ9ZHkQUTBOuXbPQ5wB0Wnh3RIq/aMY6thoXDZDzdR5vV3a5TUtbZUJ0aqLq3NA==",
      "cpu": [
        "arm64"
      ],
      "optional": true,
      "os": [
        "darwin"
      ],
      "engines": {
        "node": ">= 10"
      }
    },
    "node_modules/@napi-rs/canvas-darwin-x64": {
      "version": "0.1.52",
      "resolved": "https://registry.npmjs.org/@napi-rs/canvas-darwin-x64/-/canvas-darwin-x64-0.1.52.tgz",
      "integrity": "sha512-3fgeGJ3j2X6Mtmn0QYf3iA+A6y1ePnsayakc2emEokzf03ErrPczONw3vjnTQo53JLPMzEnfPGAffdktU/ssPA==",
      "cpu": [
        "x64"
      ],
      "optional": true,
      "os": [
        "darwin"
      ],
      "engines": {
        "node": ">= 10"
      }
    },
    "node_modules/@napi-rs/canvas-linux-arm-gnueabihf": {
      "version": "0.1.52",
      "resolved": "https://registry.npmjs.org/@napi-rs/canvas-linux-arm-gnueabihf/-/canvas-linux-arm-gnueabihf-0.1.52.tgz",
      "integrity": "sha512-aaDEEK5XwHUrPt0q4SR8l7Va0vtn50KmSs+itxP+o7RNk3Nuch8fINHOXyhMyhwNYgv1tfiJVyHsJhD0E6lXGA==",
      "cpu": [
        "arm"
      ],
      "optional": true,
      "os": [
        "linux"
      ],
      "engines": {
        "node": ">= 10"
      }
    },
    "node_modules/@napi-rs/canvas-linux-arm64-gnu": {
      "version": "0.1.52",
      "resolved": "https://registry.npmjs.org/@napi-rs/canvas-linux-arm64-gnu/-/canvas-linux-arm64-gnu-0.1.52.tgz",
      "integrity": "sha512-tzuwM7Amt5mkrp4csQjYWkFzwFdiCm7RNdJ5usX8syzKSXmozqWzLHjzo/2ozdSQNUy6wyzRrxkG4Rh6g0OpOA==",
      "cpu": [
        "arm64"
      ],
      "optional": true,
      "os": [
        "linux"
      ],
      "engines": {
        "node": ">= 10"
      }
    },
    "node_modules/@napi-rs/canvas-linux-arm64-musl": {
      "version": "0.1.52",
      "resolved": "https://registry.npmjs.org/@napi-rs/canvas-linux-arm64-musl/-/canvas-linux-arm64-musl-0.1.52.tgz",
      "integrity": "sha512-HQCtJlDT0dFp3uUZVzZOZ1VLMO7lbLRc548MjMxPpojit2ZdGopFzJ8jDSr4iszHrTO1SM1AxPaCM3pRvCAtjw==",
      "cpu": [
        "arm64"
      ],
      "optional": true,
      "os": [
        "linux"
      ],
      "engines": {
        "node": ">= 10"
      }
    },
    "node_modules/@napi-rs/canvas-linux-x64-gnu": {
      "version": "0.1.52",
      "resolved": "https://registry.npmjs.org/@napi-rs/canvas-linux-x64-gnu/-/canvas-linux-x64-gnu-0.1.52.tgz",
      "integrity": "sha512-z5sBEw0PVWPH/MIQL8hOR8C3YYVlu8lqtRUcYajigMfXAhbMiNqDWTjuIWGMz3nIydDjZmn8KTxw/D4a0HFPqQ==",
      "cpu": [
        "x64"
      ],
      "optional": true,
      "os": [
        "linux"
      ],
      "engines": {
        "node": ">= 10"
      }
    },
    "node_modules/@napi-rs/canvas-linux-x64-musl": {
      "version": "0.1.52",
      "resolved": "https://registry.npmjs.org/@napi-rs/canvas-linux-x64-musl/-/canvas-linux-x64-musl-0.1.52.tgz",
      "integrity": "sha512-G1+JdWFhHLyHhULJS51xTEhB7EL0ZiAUQwQaRi4/w75OOYDQ91O+o4miaxDHiV0hZuxBhHtZU6ftV2Zl3RMguw==",
      "cpu": [
        "x64"
      ],
      "optional": true,
      "os": [
        "linux"
      ],
      "engines": {
        "node": ">= 10"
      }
    },
    "node_modules/@napi-rs/canvas-win32-x64-msvc": {
      "version": "0.1.52",
      "resolved": "https://registry.npmjs.org/@napi-rs/canvas-win32-x64-msvc/-/canvas-win32-x64-msvc-0.1.52.tgz",
      "integrity": "sha512-hMI626VsCC/wv29qHF78N7TSG+auatOp08DHln0Zdif5y1NJ14NU/rNUhzlTW8Zc6ssw+AMDJ3KKYYWYYg1aoA==",
      "cpu": [
        "x64"
      ],
      "optional": true,
      "os": [
        "win32"
      ],
      "engines": {
        "node": ">= 10"
      }
    },
    "node_modules/@types/bun": {
      "version": "1.1.3",
      "resolved": "https://registry.npmjs.org/@types/bun/-/bun-1.1.3.tgz",
      "integrity": "sha512-i+mVz8C/lx+RprDR6Mr402iE1kmajgJPnmSfJ/NvU85sGGXSylYZ/6yc+XhVLr2E/t8o6HmjwV0evtnUOR0CFA==",
      "dev": true,
      "dependencies": {
        "bun-types": "1.1.9"
      }
    },
    "node_modules/@types/node": {
      "version": "20.12.14",
      "dev": true,
      "license": "MIT",
      "dependencies": {
        "undici-types": "~5.26.4"
      }
    },
    "node_modules/@types/ws": {
      "version": "8.5.10",
      "dev": true,
      "license": "MIT",
      "dependencies": {
        "@types/node": "*"
      }
    },
    "node_modules/bun-types": {
      "version": "1.1.9",
      "dev": true,
      "license": "MIT",
      "dependencies": {
        "@types/node": "~20.12.8",
        "@types/ws": "~8.5.10"
      }
    },
    "node_modules/file-saver": {
      "version": "2.0.5",
      "resolved": "https://registry.npmjs.org/file-saver/-/file-saver-2.0.5.tgz",
      "integrity": "sha512-P9bmyZ3h/PRG+Nzga+rbdI4OEpNDzAVyy74uVO9ATgzLK6VtAsYybF/+TOCvrc0MO793d6+42lLyZTw7/ArVzA=="
    },
    "node_modules/typescript": {
      "version": "5.4.5",
      "license": "Apache-2.0",
      "peer": true,
      "bin": {
        "tsc": "bin/tsc",
        "tsserver": "bin/tsserver"
      },
      "engines": {
        "node": ">=14.17"
      }
    },
    "node_modules/undici-types": {
      "version": "5.26.5",
      "dev": true,
      "license": "MIT"
    }
  },
  "dependencies": {
    "@napi-rs/canvas": {
      "version": "0.1.52",
      "resolved": "https://registry.npmjs.org/@napi-rs/canvas/-/canvas-0.1.52.tgz",
      "integrity": "sha512-xeW9EghZLDPZuqWJ4l1+eG3ld0i9J7SpV2zlgi34MPt/FE9K2XWGCfnLr0gHGOBkcI3YOVhI13I0HqRAkMPdVw==",
      "requires": {
        "@napi-rs/canvas-android-arm64": "0.1.52",
        "@napi-rs/canvas-darwin-arm64": "0.1.52",
        "@napi-rs/canvas-darwin-x64": "0.1.52",
        "@napi-rs/canvas-linux-arm-gnueabihf": "0.1.52",
        "@napi-rs/canvas-linux-arm64-gnu": "0.1.52",
        "@napi-rs/canvas-linux-arm64-musl": "0.1.52",
        "@napi-rs/canvas-linux-x64-gnu": "0.1.52",
        "@napi-rs/canvas-linux-x64-musl": "0.1.52",
        "@napi-rs/canvas-win32-x64-msvc": "0.1.52"
      }
    },
    "@napi-rs/canvas-android-arm64": {
      "version": "0.1.52",
      "resolved": "https://registry.npmjs.org/@napi-rs/canvas-android-arm64/-/canvas-android-arm64-0.1.52.tgz",
      "integrity": "sha512-x/K471KbASPVh5mfBUxokza66J0FNIlOgMNANWAf5C8HiATb487KecEhSkUQvvTS3WLYC9uSqIPHFgwF+tir3w==",
      "optional": true
    },
    "@napi-rs/canvas-darwin-arm64": {
      "version": "0.1.52",
      "resolved": "https://registry.npmjs.org/@napi-rs/canvas-darwin-arm64/-/canvas-darwin-arm64-0.1.52.tgz",
      "integrity": "sha512-4OgVRD7TW02q5Q7lWLLjT+pYJ9ZHkQUTBOuXbPQ5wB0Wnh3RIq/aMY6thoXDZDzdR5vV3a5TUtbZUJ0aqLq3NA==",
      "optional": true
    },
    "@napi-rs/canvas-darwin-x64": {
      "version": "0.1.52",
      "resolved": "https://registry.npmjs.org/@napi-rs/canvas-darwin-x64/-/canvas-darwin-x64-0.1.52.tgz",
      "integrity": "sha512-3fgeGJ3j2X6Mtmn0QYf3iA+A6y1ePnsayakc2emEokzf03ErrPczONw3vjnTQo53JLPMzEnfPGAffdktU/ssPA==",
      "optional": true
    },
    "@napi-rs/canvas-linux-arm-gnueabihf": {
      "version": "0.1.52",
      "resolved": "https://registry.npmjs.org/@napi-rs/canvas-linux-arm-gnueabihf/-/canvas-linux-arm-gnueabihf-0.1.52.tgz",
      "integrity": "sha512-aaDEEK5XwHUrPt0q4SR8l7Va0vtn50KmSs+itxP+o7RNk3Nuch8fINHOXyhMyhwNYgv1tfiJVyHsJhD0E6lXGA==",
      "optional": true
    },
    "@napi-rs/canvas-linux-arm64-gnu": {
      "version": "0.1.52",
      "resolved": "https://registry.npmjs.org/@napi-rs/canvas-linux-arm64-gnu/-/canvas-linux-arm64-gnu-0.1.52.tgz",
      "integrity": "sha512-tzuwM7Amt5mkrp4csQjYWkFzwFdiCm7RNdJ5usX8syzKSXmozqWzLHjzo/2ozdSQNUy6wyzRrxkG4Rh6g0OpOA==",
      "optional": true
    },
    "@napi-rs/canvas-linux-arm64-musl": {
      "version": "0.1.52",
      "resolved": "https://registry.npmjs.org/@napi-rs/canvas-linux-arm64-musl/-/canvas-linux-arm64-musl-0.1.52.tgz",
      "integrity": "sha512-HQCtJlDT0dFp3uUZVzZOZ1VLMO7lbLRc548MjMxPpojit2ZdGopFzJ8jDSr4iszHrTO1SM1AxPaCM3pRvCAtjw==",
      "optional": true
    },
    "@napi-rs/canvas-linux-x64-gnu": {
      "version": "0.1.52",
      "resolved": "https://registry.npmjs.org/@napi-rs/canvas-linux-x64-gnu/-/canvas-linux-x64-gnu-0.1.52.tgz",
      "integrity": "sha512-z5sBEw0PVWPH/MIQL8hOR8C3YYVlu8lqtRUcYajigMfXAhbMiNqDWTjuIWGMz3nIydDjZmn8KTxw/D4a0HFPqQ==",
      "optional": true
    },
    "@napi-rs/canvas-linux-x64-musl": {
      "version": "0.1.52",
      "resolved": "https://registry.npmjs.org/@napi-rs/canvas-linux-x64-musl/-/canvas-linux-x64-musl-0.1.52.tgz",
      "integrity": "sha512-G1+JdWFhHLyHhULJS51xTEhB7EL0ZiAUQwQaRi4/w75OOYDQ91O+o4miaxDHiV0hZuxBhHtZU6ftV2Zl3RMguw==",
      "optional": true
    },
    "@napi-rs/canvas-win32-x64-msvc": {
      "version": "0.1.52",
      "resolved": "https://registry.npmjs.org/@napi-rs/canvas-win32-x64-msvc/-/canvas-win32-x64-msvc-0.1.52.tgz",
      "integrity": "sha512-hMI626VsCC/wv29qHF78N7TSG+auatOp08DHln0Zdif5y1NJ14NU/rNUhzlTW8Zc6ssw+AMDJ3KKYYWYYg1aoA==",
      "optional": true
    },
    "@types/bun": {
      "version": "1.1.3",
      "resolved": "https://registry.npmjs.org/@types/bun/-/bun-1.1.3.tgz",
      "integrity": "sha512-i+mVz8C/lx+RprDR6Mr402iE1kmajgJPnmSfJ/NvU85sGGXSylYZ/6yc+XhVLr2E/t8o6HmjwV0evtnUOR0CFA==",
      "dev": true,
      "requires": {
        "bun-types": "1.1.9"
      }
    },
    "@types/node": {
      "version": "20.12.14",
      "dev": true,
      "requires": {
        "undici-types": "~5.26.4"
      }
    },
    "@types/ws": {
      "version": "8.5.10",
      "dev": true,
      "requires": {
        "@types/node": "*"
      }
    },
    "bun-types": {
      "version": "1.1.9",
      "dev": true,
      "requires": {
        "@types/node": "~20.12.8",
        "@types/ws": "~8.5.10"
      }
    },
    "file-saver": {
      "version": "2.0.5",
      "resolved": "https://registry.npmjs.org/file-saver/-/file-saver-2.0.5.tgz",
      "integrity": "sha512-P9bmyZ3h/PRG+Nzga+rbdI4OEpNDzAVyy74uVO9ATgzLK6VtAsYybF/+TOCvrc0MO793d6+42lLyZTw7/ArVzA=="
    },
    "typescript": {
      "version": "5.4.5",
      "peer": true
    },
    "undici-types": {
      "version": "5.26.5",
      "dev": true
    }
  }
}
